
Microsoft Visual Studio Solution File, Format Version 12.00
# Visual Studio Version 17
VisualStudioVersion = 17.13.35919.96
MinimumVisualStudioVersion = 10.0.40219.1
Project("{2150E333-8FDC-42A3-9474-1A3956D46DE8}") = "src", "src", "{827E0CD3-B72D-47B6-A68D-7590B98EB39B}"
EndProject
Project("{2150E333-8FDC-42A3-9474-1A3956D46DE8}") = "tests", "tests", "{0AB3BF05-4346-4AA6-1389-037BE0695223}"
EndProject
Project("{FAE04EC0-301F-11D3-BF4B-00C04F79EFBC}") = "Yape.UnitTests", "tests\UnitTests\Yape.UnitTests.csproj", "{073D429C-0FCF-4C1B-B6E8-5CA463C03E9F}"
EndProject
Project("{2150E333-8FDC-42A3-9474-1A3956D46DE8}") = "Background", "Background", "{0CC75A01-4390-C2B7-DF35-E457BEBA5A7A}"
EndProject
Project("{FAE04EC0-301F-11D3-BF4B-00C04F79EFBC}") = "Yape.AntiFraud.Worker", "src\Background\Yape.AntiFraud.Worker\Yape.AntiFraud.Worker.csproj", "{FC7F81A7-7286-4EC5-AAB7-B5259F07A728}"
EndProject
Project("{2150E333-8FDC-42A3-9474-1A3956D46DE8}") = "API", "API", "{81034408-37C8-1011-444E-4C15C2FADA8E}"
EndProject
Project("{FAE04EC0-301F-11D3-BF4B-00C04F79EFBC}") = "Yape.API.Transaction", "src\API\Yape.API.Transaction\Yape.API.Transaction.csproj", "{CD9417AA-CC5A-4A3F-BDE1-16884BF1CE67}"
EndProject
Project("{FAE04EC0-301F-11D3-BF4B-00C04F79EFBC}") = "Yape.API.AntiFraud", "src\API\Yape.API.AntiFraud\Yape.API.AntiFraud.csproj", "{DF60B14B-CE8F-483F-A1A9-7F30178593AC}"
EndProject
Project("{2150E333-8FDC-42A3-9474-1A3956D46DE8}") = "Application", "Application", "{22BAF98C-8415-17C4-B26A-D537657BC863}"
EndProject
Project("{FAE04EC0-301F-11D3-BF4B-00C04F79EFBC}") = "Yape.Application.AntiFraud", "src\Application\Yape.Application.AntiFraud\Yape.Application.AntiFraud.csproj", "{6C5DCEA8-6CD4-45F8-8189-EB8DEC686ADE}"
EndProject
Project("{FAE04EC0-301F-11D3-BF4B-00C04F79EFBC}") = "Yape.Application.Transaction", "src\Application\Yape.Application.Transaction\Yape.Application.Transaction.csproj", "{8D0D182F-E4F8-47EE-9D45-2A7395463AE8}"
EndProject
Project("{2150E333-8FDC-42A3-9474-1A3956D46DE8}") = "Domain", "Domain", "{8B290487-4C16-E85E-E807-F579CBE9FC4D}"
EndProject
Project("{FAE04EC0-301F-11D3-BF4B-00C04F79EFBC}") = "Yape.Domain", "src\Domain\Yape.Domain\Yape.Domain.csproj", "{B3D3C977-3491-40A0-A598-170B3D391433}"
EndProject
Project("{2150E333-8FDC-42A3-9474-1A3956D46DE8}") = "Infrastructure", "Infrastructure", "{9048EB7F-3875-A59E-E36B-5BD4C6F2A282}"
EndProject
Project("{FAE04EC0-301F-11D3-BF4B-00C04F79EFBC}") = "Yape.Infrastructure.Kafka", "src\Infrastructure\Yape.Infrastructure.Kafka\Yape.Infrastructure.Kafka.csproj", "{48089A12-F10B-4E1E-89D7-AE299C6A880C}"
EndProject
Project("{FAE04EC0-301F-11D3-BF4B-00C04F79EFBC}") = "Yape.Infrastructure.Postgresql", "src\Infrastructure\Yape.Infrastructure.Postgresql\Yape.Infrastructure.Postgresql.csproj", "{5A01D828-E002-4DF3-933F-E5CDB733767A}"
EndProject
Project("{FAE04EC0-301F-11D3-BF4B-00C04F79EFBC}") = "Yape.Infrastructure.AntiFraudApi", "src\Infrastructure\Yape.Infrastructure.AntiFraudApi\Yape.Infrastructure.AntiFraudApi.csproj", "{E854D78D-B535-43ED-AE6F-A1710A474F8E}"
EndProject
Project("{FAE04EC0-301F-11D3-BF4B-00C04F79EFBC}") = "Yape.Infrastructure.TransactionApi", "src\Infrastructure\Yape.Infrastructure.TransactionApi\Yape.Infrastructure.TransactionApi.csproj", "{36232FA1-D860-4557-A258-DA44EA8BF48A}"
EndProject
Project("{FAE04EC0-301F-11D3-BF4B-00C04F79EFBC}") = "Yape.Transaction.Worker", "src\Background\Yape.Transaction.Worker\Yape.Transaction.Worker.csproj", "{1B2664A8-89F7-463C-9493-AD3F526E113D}"
EndProject
Global
	GlobalSection(SolutionConfigurationPlatforms) = preSolution
		Debug|Any CPU = Debug|Any CPU
		Debug|x64 = Debug|x64
		Debug|x86 = Debug|x86
		Release|Any CPU = Release|Any CPU
		Release|x64 = Release|x64
		Release|x86 = Release|x86
	EndGlobalSection
	GlobalSection(ProjectConfigurationPlatforms) = postSolution
		{073D429C-0FCF-4C1B-B6E8-5CA463C03E9F}.Debug|Any CPU.ActiveCfg = Debug|Any CPU
		{073D429C-0FCF-4C1B-B6E8-5CA463C03E9F}.Debug|Any CPU.Build.0 = Debug|Any CPU
		{073D429C-0FCF-4C1B-B6E8-5CA463C03E9F}.Debug|x64.ActiveCfg = Debug|Any CPU
		{073D429C-0FCF-4C1B-B6E8-5CA463C03E9F}.Debug|x64.Build.0 = Debug|Any CPU
		{073D429C-0FCF-4C1B-B6E8-5CA463C03E9F}.Debug|x86.ActiveCfg = Debug|Any CPU
		{073D429C-0FCF-4C1B-B6E8-5CA463C03E9F}.Debug|x86.Build.0 = Debug|Any CPU
		{073D429C-0FCF-4C1B-B6E8-5CA463C03E9F}.Release|Any CPU.ActiveCfg = Release|Any CPU
		{073D429C-0FCF-4C1B-B6E8-5CA463C03E9F}.Release|Any CPU.Build.0 = Release|Any CPU
		{073D429C-0FCF-4C1B-B6E8-5CA463C03E9F}.Release|x64.ActiveCfg = Release|Any CPU
		{073D429C-0FCF-4C1B-B6E8-5CA463C03E9F}.Release|x64.Build.0 = Release|Any CPU
		{073D429C-0FCF-4C1B-B6E8-5CA463C03E9F}.Release|x86.ActiveCfg = Release|Any CPU
		{073D429C-0FCF-4C1B-B6E8-5CA463C03E9F}.Release|x86.Build.0 = Release|Any CPU
		{FC7F81A7-7286-4EC5-AAB7-B5259F07A728}.Debug|Any CPU.ActiveCfg = Debug|Any CPU
		{FC7F81A7-7286-4EC5-AAB7-B5259F07A728}.Debug|Any CPU.Build.0 = Debug|Any CPU
		{FC7F81A7-7286-4EC5-AAB7-B5259F07A728}.Debug|x64.ActiveCfg = Debug|Any CPU
		{FC7F81A7-7286-4EC5-AAB7-B5259F07A728}.Debug|x64.Build.0 = Debug|Any CPU
		{FC7F81A7-7286-4EC5-AAB7-B5259F07A728}.Debug|x86.ActiveCfg = Debug|Any CPU
		{FC7F81A7-7286-4EC5-AAB7-B5259F07A728}.Debug|x86.Build.0 = Debug|Any CPU
		{FC7F81A7-7286-4EC5-AAB7-B5259F07A728}.Release|Any CPU.ActiveCfg = Release|Any CPU
		{FC7F81A7-7286-4EC5-AAB7-B5259F07A728}.Release|Any CPU.Build.0 = Release|Any CPU
		{FC7F81A7-7286-4EC5-AAB7-B5259F07A728}.Release|x64.ActiveCfg = Release|Any CPU
		{FC7F81A7-7286-4EC5-AAB7-B5259F07A728}.Release|x64.Build.0 = Release|Any CPU
		{FC7F81A7-7286-4EC5-AAB7-B5259F07A728}.Release|x86.ActiveCfg = Release|Any CPU
		{FC7F81A7-7286-4EC5-AAB7-B5259F07A728}.Release|x86.Build.0 = Release|Any CPU
		{CD9417AA-CC5A-4A3F-BDE1-16884BF1CE67}.Debug|Any CPU.ActiveCfg = Debug|Any CPU
		{CD9417AA-CC5A-4A3F-BDE1-16884BF1CE67}.Debug|Any CPU.Build.0 = Debug|Any CPU
		{CD9417AA-CC5A-4A3F-BDE1-16884BF1CE67}.Debug|x64.ActiveCfg = Debug|Any CPU
		{CD9417AA-CC5A-4A3F-BDE1-16884BF1CE67}.Debug|x64.Build.0 = Debug|Any CPU
		{CD9417AA-CC5A-4A3F-BDE1-16884BF1CE67}.Debug|x86.ActiveCfg = Debug|Any CPU
		{CD9417AA-CC5A-4A3F-BDE1-16884BF1CE67}.Debug|x86.Build.0 = Debug|Any CPU
		{CD9417AA-CC5A-4A3F-BDE1-16884BF1CE67}.Release|Any CPU.ActiveCfg = Release|Any CPU
		{CD9417AA-CC5A-4A3F-BDE1-16884BF1CE67}.Release|Any CPU.Build.0 = Release|Any CPU
		{CD9417AA-CC5A-4A3F-BDE1-16884BF1CE67}.Release|x64.ActiveCfg = Release|Any CPU
		{CD9417AA-CC5A-4A3F-BDE1-16884BF1CE67}.Release|x64.Build.0 = Release|Any CPU
		{CD9417AA-CC5A-4A3F-BDE1-16884BF1CE67}.Release|x86.ActiveCfg = Release|Any CPU
		{CD9417AA-CC5A-4A3F-BDE1-16884BF1CE67}.Release|x86.Build.0 = Release|Any CPU
		{DF60B14B-CE8F-483F-A1A9-7F30178593AC}.Debug|Any CPU.ActiveCfg = Debug|Any CPU
		{DF60B14B-CE8F-483F-A1A9-7F30178593AC}.Debug|Any CPU.Build.0 = Debug|Any CPU
		{DF60B14B-CE8F-483F-A1A9-7F30178593AC}.Debug|x64.ActiveCfg = Debug|Any CPU
		{DF60B14B-CE8F-483F-A1A9-7F30178593AC}.Debug|x64.Build.0 = Debug|Any CPU
		{DF60B14B-CE8F-483F-A1A9-7F30178593AC}.Debug|x86.ActiveCfg = Debug|Any CPU
		{DF60B14B-CE8F-483F-A1A9-7F30178593AC}.Debug|x86.Build.0 = Debug|Any CPU
		{DF60B14B-CE8F-483F-A1A9-7F30178593AC}.Release|Any CPU.ActiveCfg = Release|Any CPU
		{DF60B14B-CE8F-483F-A1A9-7F30178593AC}.Release|Any CPU.Build.0 = Release|Any CPU
		{DF60B14B-CE8F-483F-A1A9-7F30178593AC}.Release|x64.ActiveCfg = Release|Any CPU
		{DF60B14B-CE8F-483F-A1A9-7F30178593AC}.Release|x64.Build.0 = Release|Any CPU
		{DF60B14B-CE8F-483F-A1A9-7F30178593AC}.Release|x86.ActiveCfg = Release|Any CPU
		{DF60B14B-CE8F-483F-A1A9-7F30178593AC}.Release|x86.Build.0 = Release|Any CPU
		{6C5DCEA8-6CD4-45F8-8189-EB8DEC686ADE}.Debug|Any CPU.ActiveCfg = Debug|Any CPU
		{6C5DCEA8-6CD4-45F8-8189-EB8DEC686ADE}.Debug|Any CPU.Build.0 = Debug|Any CPU
		{6C5DCEA8-6CD4-45F8-8189-EB8DEC686ADE}.Debug|x64.ActiveCfg = Debug|Any CPU
		{6C5DCEA8-6CD4-45F8-8189-EB8DEC686ADE}.Debug|x64.Build.0 = Debug|Any CPU
		{6C5DCEA8-6CD4-45F8-8189-EB8DEC686ADE}.Debug|x86.ActiveCfg = Debug|Any CPU
		{6C5DCEA8-6CD4-45F8-8189-EB8DEC686ADE}.Debug|x86.Build.0 = Debug|Any CPU
		{6C5DCEA8-6CD4-45F8-8189-EB8DEC686ADE}.Release|Any CPU.ActiveCfg = Release|Any CPU
		{6C5DCEA8-6CD4-45F8-8189-EB8DEC686ADE}.Release|Any CPU.Build.0 = Release|Any CPU
		{6C5DCEA8-6CD4-45F8-8189-EB8DEC686ADE}.Release|x64.ActiveCfg = Release|Any CPU
		{6C5DCEA8-6CD4-45F8-8189-EB8DEC686ADE}.Release|x64.Build.0 = Release|Any CPU
		{6C5DCEA8-6CD4-45F8-8189-EB8DEC686ADE}.Release|x86.ActiveCfg = Release|Any CPU
		{6C5DCEA8-6CD4-45F8-8189-EB8DEC686ADE}.Release|x86.Build.0 = Release|Any CPU
		{8D0D182F-E4F8-47EE-9D45-2A7395463AE8}.Debug|Any CPU.ActiveCfg = Debug|Any CPU
		{8D0D182F-E4F8-47EE-9D45-2A7395463AE8}.Debug|Any CPU.Build.0 = Debug|Any CPU
		{8D0D182F-E4F8-47EE-9D45-2A7395463AE8}.Debug|x64.ActiveCfg = Debug|Any CPU
		{8D0D182F-E4F8-47EE-9D45-2A7395463AE8}.Debug|x64.Build.0 = Debug|Any CPU
		{8D0D182F-E4F8-47EE-9D45-2A7395463AE8}.Debug|x86.ActiveCfg = Debug|Any CPU
		{8D0D182F-E4F8-47EE-9D45-2A7395463AE8}.Debug|x86.Build.0 = Debug|Any CPU
		{8D0D182F-E4F8-47EE-9D45-2A7395463AE8}.Release|Any CPU.ActiveCfg = Release|Any CPU
		{8D0D182F-E4F8-47EE-9D45-2A7395463AE8}.Release|Any CPU.Build.0 = Release|Any CPU
		{8D0D182F-E4F8-47EE-9D45-2A7395463AE8}.Release|x64.ActiveCfg = Release|Any CPU
		{8D0D182F-E4F8-47EE-9D45-2A7395463AE8}.Release|x64.Build.0 = Release|Any CPU
		{8D0D182F-E4F8-47EE-9D45-2A7395463AE8}.Release|x86.ActiveCfg = Release|Any CPU
		{8D0D182F-E4F8-47EE-9D45-2A7395463AE8}.Release|x86.Build.0 = Release|Any CPU
		{B3D3C977-3491-40A0-A598-170B3D391433}.Debug|Any CPU.ActiveCfg = Debug|Any CPU
		{B3D3C977-3491-40A0-A598-170B3D391433}.Debug|Any CPU.Build.0 = Debug|Any CPU
		{B3D3C977-3491-40A0-A598-170B3D391433}.Debug|x64.ActiveCfg = Debug|Any CPU
		{B3D3C977-3491-40A0-A598-170B3D391433}.Debug|x64.Build.0 = Debug|Any CPU
		{B3D3C977-3491-40A0-A598-170B3D391433}.Debug|x86.ActiveCfg = Debug|Any CPU
		{B3D3C977-3491-40A0-A598-170B3D391433}.Debug|x86.Build.0 = Debug|Any CPU
		{B3D3C977-3491-40A0-A598-170B3D391433}.Release|Any CPU.ActiveCfg = Release|Any CPU
		{B3D3C977-3491-40A0-A598-170B3D391433}.Release|Any CPU.Build.0 = Release|Any CPU
		{B3D3C977-3491-40A0-A598-170B3D391433}.Release|x64.ActiveCfg = Release|Any CPU
		{B3D3C977-3491-40A0-A598-170B3D391433}.Release|x64.Build.0 = Release|Any CPU
		{B3D3C977-3491-40A0-A598-170B3D391433}.Release|x86.ActiveCfg = Release|Any CPU
		{B3D3C977-3491-40A0-A598-170B3D391433}.Release|x86.Build.0 = Release|Any CPU
		{48089A12-F10B-4E1E-89D7-AE299C6A880C}.Debug|Any CPU.ActiveCfg = Debug|Any CPU
		{48089A12-F10B-4E1E-89D7-AE299C6A880C}.Debug|Any CPU.Build.0 = Debug|Any CPU
		{48089A12-F10B-4E1E-89D7-AE299C6A880C}.Debug|x64.ActiveCfg = Debug|Any CPU
		{48089A12-F10B-4E1E-89D7-AE299C6A880C}.Debug|x64.Build.0 = Debug|Any CPU
		{48089A12-F10B-4E1E-89D7-AE299C6A880C}.Debug|x86.ActiveCfg = Debug|Any CPU
		{48089A12-F10B-4E1E-89D7-AE299C6A880C}.Debug|x86.Build.0 = Debug|Any CPU
		{48089A12-F10B-4E1E-89D7-AE299C6A880C}.Release|Any CPU.ActiveCfg = Release|Any CPU
		{48089A12-F10B-4E1E-89D7-AE299C6A880C}.Release|Any CPU.Build.0 = Release|Any CPU
		{48089A12-F10B-4E1E-89D7-AE299C6A880C}.Release|x64.ActiveCfg = Release|Any CPU
		{48089A12-F10B-4E1E-89D7-AE299C6A880C}.Release|x64.Build.0 = Release|Any CPU
		{48089A12-F10B-4E1E-89D7-AE299C6A880C}.Release|x86.ActiveCfg = Release|Any CPU
		{48089A12-F10B-4E1E-89D7-AE299C6A880C}.Release|x86.Build.0 = Release|Any CPU
		{5A01D828-E002-4DF3-933F-E5CDB733767A}.Debug|Any CPU.ActiveCfg = Debug|Any CPU
		{5A01D828-E002-4DF3-933F-E5CDB733767A}.Debug|Any CPU.Build.0 = Debug|Any CPU
		{5A01D828-E002-4DF3-933F-E5CDB733767A}.Debug|x64.ActiveCfg = Debug|Any CPU
		{5A01D828-E002-4DF3-933F-E5CDB733767A}.Debug|x64.Build.0 = Debug|Any CPU
		{5A01D828-E002-4DF3-933F-E5CDB733767A}.Debug|x86.ActiveCfg = Debug|Any CPU
		{5A01D828-E002-4DF3-933F-E5CDB733767A}.Debug|x86.Build.0 = Debug|Any CPU
		{5A01D828-E002-4DF3-933F-E5CDB733767A}.Release|Any CPU.ActiveCfg = Release|Any CPU
		{5A01D828-E002-4DF3-933F-E5CDB733767A}.Release|Any CPU.Build.0 = Release|Any CPU
		{5A01D828-E002-4DF3-933F-E5CDB733767A}.Release|x64.ActiveCfg = Release|Any CPU
		{5A01D828-E002-4DF3-933F-E5CDB733767A}.Release|x64.Build.0 = Release|Any CPU
		{5A01D828-E002-4DF3-933F-E5CDB733767A}.Release|x86.ActiveCfg = Release|Any CPU
		{5A01D828-E002-4DF3-933F-E5CDB733767A}.Release|x86.Build.0 = Release|Any CPU
		{E854D78D-B535-43ED-AE6F-A1710A474F8E}.Debug|Any CPU.ActiveCfg = Debug|Any CPU
		{E854D78D-B535-43ED-AE6F-A1710A474F8E}.Debug|Any CPU.Build.0 = Debug|Any CPU
		{E854D78D-B535-43ED-AE6F-A1710A474F8E}.Debug|x64.ActiveCfg = Debug|Any CPU
		{E854D78D-B535-43ED-AE6F-A1710A474F8E}.Debug|x64.Build.0 = Debug|Any CPU
		{E854D78D-B535-43ED-AE6F-A1710A474F8E}.Debug|x86.ActiveCfg = Debug|Any CPU
		{E854D78D-B535-43ED-AE6F-A1710A474F8E}.Debug|x86.Build.0 = Debug|Any CPU
		{E854D78D-B535-43ED-AE6F-A1710A474F8E}.Release|Any CPU.ActiveCfg = Release|Any CPU
		{E854D78D-B535-43ED-AE6F-A1710A474F8E}.Release|Any CPU.Build.0 = Release|Any CPU
		{E854D78D-B535-43ED-AE6F-A1710A474F8E}.Release|x64.ActiveCfg = Release|Any CPU
		{E854D78D-B535-43ED-AE6F-A1710A474F8E}.Release|x64.Build.0 = Release|Any CPU
		{E854D78D-B535-43ED-AE6F-A1710A474F8E}.Release|x86.ActiveCfg = Release|Any CPU
		{E854D78D-B535-43ED-AE6F-A1710A474F8E}.Release|x86.Build.0 = Release|Any CPU
		{36232FA1-D860-4557-A258-DA44EA8BF48A}.Debug|Any CPU.ActiveCfg = Debug|Any CPU
		{36232FA1-D860-4557-A258-DA44EA8BF48A}.Debug|Any CPU.Build.0 = Debug|Any CPU
		{36232FA1-D860-4557-A258-DA44EA8BF48A}.Debug|x64.ActiveCfg = Debug|Any CPU
		{36232FA1-D860-4557-A258-DA44EA8BF48A}.Debug|x64.Build.0 = Debug|Any CPU
		{36232FA1-D860-4557-A258-DA44EA8BF48A}.Debug|x86.ActiveCfg = Debug|Any CPU
		{36232FA1-D860-4557-A258-DA44EA8BF48A}.Debug|x86.Build.0 = Debug|Any CPU
		{36232FA1-D860-4557-A258-DA44EA8BF48A}.Release|Any CPU.ActiveCfg = Release|Any CPU
		{36232FA1-D860-4557-A258-DA44EA8BF48A}.Release|Any CPU.Build.0 = Release|Any CPU
		{36232FA1-D860-4557-A258-DA44EA8BF48A}.Release|x64.ActiveCfg = Release|Any CPU
		{36232FA1-D860-4557-A258-DA44EA8BF48A}.Release|x64.Build.0 = Release|Any CPU
		{36232FA1-D860-4557-A258-DA44EA8BF48A}.Release|x86.ActiveCfg = Release|Any CPU
		{36232FA1-D860-4557-A258-DA44EA8BF48A}.Release|x86.Build.0 = Release|Any CPU
		{1B2664A8-89F7-463C-9493-AD3F526E113D}.Debug|Any CPU.ActiveCfg = Debug|Any CPU
		{1B2664A8-89F7-463C-9493-AD3F526E113D}.Debug|Any CPU.Build.0 = Debug|Any CPU
		{1B2664A8-89F7-463C-9493-AD3F526E113D}.Debug|x64.ActiveCfg = Debug|Any CPU
		{1B2664A8-89F7-463C-9493-AD3F526E113D}.Debug|x64.Build.0 = Debug|Any CPU
		{1B2664A8-89F7-463C-9493-AD3F526E113D}.Debug|x86.ActiveCfg = Debug|Any CPU
		{1B2664A8-89F7-463C-9493-AD3F526E113D}.Debug|x86.Build.0 = Debug|Any CPU
		{1B2664A8-89F7-463C-9493-AD3F526E113D}.Release|Any CPU.ActiveCfg = Release|Any CPU
		{1B2664A8-89F7-463C-9493-AD3F526E113D}.Release|Any CPU.Build.0 = Release|Any CPU
		{1B2664A8-89F7-463C-9493-AD3F526E113D}.Release|x64.ActiveCfg = Release|Any CPU
		{1B2664A8-89F7-463C-9493-AD3F526E113D}.Release|x64.Build.0 = Release|Any CPU
		{1B2664A8-89F7-463C-9493-AD3F526E113D}.Release|x86.ActiveCfg = Release|Any CPU
		{1B2664A8-89F7-463C-9493-AD3F526E113D}.Release|x86.Build.0 = Release|Any CPU
	EndGlobalSection
	GlobalSection(SolutionProperties) = preSolution
		HideSolutionNode = FALSE
	EndGlobalSection
	GlobalSection(NestedProjects) = preSolution
		{073D429C-0FCF-4C1B-B6E8-5CA463C03E9F} = {0AB3BF05-4346-4AA6-1389-037BE0695223}
		{0CC75A01-4390-C2B7-DF35-E457BEBA5A7A} = {827E0CD3-B72D-47B6-A68D-7590B98EB39B}
		{FC7F81A7-7286-4EC5-AAB7-B5259F07A728} = {0CC75A01-4390-C2B7-DF35-E457BEBA5A7A}
		{81034408-37C8-1011-444E-4C15C2FADA8E} = {827E0CD3-B72D-47B6-A68D-7590B98EB39B}
		{CD9417AA-CC5A-4A3F-BDE1-16884BF1CE67} = {81034408-37C8-1011-444E-4C15C2FADA8E}
		{DF60B14B-CE8F-483F-A1A9-7F30178593AC} = {81034408-37C8-1011-444E-4C15C2FADA8E}
		{22BAF98C-8415-17C4-B26A-D537657BC863} = {827E0CD3-B72D-47B6-A68D-7590B98EB39B}
		{6C5DCEA8-6CD4-45F8-8189-EB8DEC686ADE} = {22BAF98C-8415-17C4-B26A-D537657BC863}
		{8D0D182F-E4F8-47EE-9D45-2A7395463AE8} = {22BAF98C-8415-17C4-B26A-D537657BC863}
		{8B290487-4C16-E85E-E807-F579CBE9FC4D} = {827E0CD3-B72D-47B6-A68D-7590B98EB39B}
		{B3D3C977-3491-40A0-A598-170B3D391433} = {8B290487-4C16-E85E-E807-F579CBE9FC4D}
		{9048EB7F-3875-A59E-E36B-5BD4C6F2A282} = {827E0CD3-B72D-47B6-A68D-7590B98EB39B}
		{48089A12-F10B-4E1E-89D7-AE299C6A880C} = {9048EB7F-3875-A59E-E36B-5BD4C6F2A282}
		{5A01D828-E002-4DF3-933F-E5CDB733767A} = {9048EB7F-3875-A59E-E36B-5BD4C6F2A282}
		{E854D78D-B535-43ED-AE6F-A1710A474F8E} = {9048EB7F-3875-A59E-E36B-5BD4C6F2A282}
		{36232FA1-D860-4557-A258-DA44EA8BF48A} = {9048EB7F-3875-A59E-E36B-5BD4C6F2A282}
		{1B2664A8-89F7-463C-9493-AD3F526E113D} = {0CC75A01-4390-C2B7-DF35-E457BEBA5A7A}
	EndGlobalSection
	GlobalSection(ExtensibilityGlobals) = postSolution
		SolutionGuid = {8912E50A-89AD-4F20-99AA-247BEA376940}
	EndGlobalSection
EndGlobal
